version: v2
locks:
  f/collectives/zoom_collective_to_pipedrive: 4d126b88ec2b09c92aebd69bcd48917049c5a558f663922693c789e110ba255b
  f/sales/calendar_prebook_1on1: 97eed0669d44bdf984dbe1da5a4487b98a97582ab335e499e55969103c6dc4c9
  f/sales/calendar_prebook_1on1_smoke_test: 57d384205241e7a76bb512fe7be8f4c7e2ae22d132ef2a5ee9c07516fbe6b391
  f/sales/calendly_webinar_to_pipedrive_activity__flow+__flow_hash: 336044a2d7613f1b871b373f3eacd41bbf84133ed34c3e7693590783ecf11056
  f/sales/calendly_webinar_to_pipedrive_activity__flow+wait_for_typeform_intake.ts: 100b7370296d7fc94a08f1379a7f5b3798c1e78b3485e3ad52d47a0c692d06fb
  f/sales/create_webinar_activity_from_calendly: 15e9c1a0b729503a9c69cc51198a2ba8aa9f20eec87e438b23e39d92db0aaea8
  f/sales/interakt_attendance_confirmed_worker: fc419d124d57ab2d6b85bf539b0ea4347a1e13b77b036f8a83b98f31befab111
  f/sales/interakt_ignored_message_worker: 8698318bcbd134f8ef90481f7ac0c58679717d5b5758258b910cebcd79969f76
  f/sales/interakt_owner_attended_worker: 17039f3f0d8668df2b1c28fe660d76d44ae1f0d6c3526c2dfc53fbb40aa91473
  f/sales/interakt_owner_no_show_worker: 4badf30ca956372ce617e36f0823eb7e0193d24688b5c93b5871e59ebc5bd781
  f/sales/interakt_reschedule_requested_worker: a12ad7e6d9bd32c1ea6f88c46e3edc71de89ff7a43cad399614b8c7e6cbf6b32
  f/sales/interakt_whatsapp_inbound__flow+__flow_hash: 44136fa355b3678a1146ad16f7e8649e94fb4fc21fe77e8310c060f61caaff8a
  f/sales/interakt_whatsapp_inbound_router: 55196eb4e64662340ba56e17bb748f20a15528790162bc91c6af2e11593115a5
  f/sales/pipedrive_1on1_tbc_to_calendar_prebook: 7765137b70dc5a0b0866b624f45148812528049a2abdbfd825aa82bd83da5b02
  f/sales/send_1on1_reminders: a1494e58a21b7e0d46353644af804cd8ab7d2880bf4b65eca591eb1c9d1911cf
  f/sales/send_owner_attendance_checks: 4686e65c107671a48680c9dad8a56560e77e8515fb34bde4cd3420ffeaf028b4
  f/sales/send_webinar_reminders: 9959d2d0445618b8fb1a86f29633bae5d99bdb1d54e857c48efd1bc254d12764
  f/sales/typeform_to_pipedrive_intake: 0ba0b107a0acad8d91a6bc005a288c7d4ec619a87c1c7603f7aa7ac655f0ddb3
